// !$*UTF8*$!
{
	archiveVersion = 1;
	classes = {
	};
	objectVersion = 77;
	objects = {

/* Begin PBXBuildFile section */
		EC175C232E420393005C4C31 /* SnapKit in Frameworks */ = {isa = PBXBuildFile; productRef = EC175C222E420393005C4C31 /* SnapKit */; };
		EC2F43B02F06D919005DE19E /* libsqlite3.tbd in Frameworks */ = {isa = PBXBuildFile; fileRef = EC2F43AF2F06D919005DE19E /* libsqlite3.tbd */; };
		EC4E73052F1585A10050750B /* AppSettings.swift in Sources */ = {isa = PBXBuildFile; fileRef = EC4E73002F1585A10050750B /* AppSettings.swift */; };
		EC4E73062F1585A10050750B /* AppState.swift in Sources */ = {isa = PBXBuildFile; fileRef = EC4E73012F1585A10050750B /* AppState.swift */; };
		EC4E73092F1585A10050750B /* AppSettings.swift in Sources */ = {isa = PBXBuildFile; fileRef = EC4E73002F1585A10050750B /* AppSettings.swift */; };
		EC4E730A2F1585A10050750B /* AppState.swift in Sources */ = {isa = PBXBuildFile; fileRef = EC4E73012F1585A10050750B /* AppState.swift */; };
		EC4E730B2F1585A10050750B /* ClientCoreWrapper.swift in Sources */ = {isa = PBXBuildFile; fileRef = EC4E73022F1585A10050750B /* ClientCoreWrapper.swift */; };
		EC4E730C2F1585A10050750B /* SessionInfo.swift in Sources */ = {isa = PBXBuildFile; fileRef = EC4E73032F1585A10050750B /* SessionInfo.swift */; };
		EC4E730D2F1585A10050750B /* ChatMessage.swift in Sources */ = {isa = PBXBuildFile; fileRef = EC4E73072F1585A10050750B /* ChatMessage.swift */; };
		EC4E730E2F1585A10050750B /* LLMProvider.swift in Sources */ = {isa = PBXBuildFile; fileRef = EC4E73082F1585A10050750B /* LLMProvider.swift */; };
		EC6AAE462F162067007CB410 /* ClientCoreWrapper.swift in Sources */ = {isa = PBXBuildFile; fileRef = EC4E73022F1585A10050750B /* ClientCoreWrapper.swift */; };
		EC6AAE472F162069007CB410 /* SessionInfo.swift in Sources */ = {isa = PBXBuildFile; fileRef = EC4E73032F1585A10050750B /* SessionInfo.swift */; };
		EC6AAE482F162069007CB410 /* ChatMessage.swift in Sources */ = {isa = PBXBuildFile; fileRef = EC4E73072F1585A10050750B /* ChatMessage.swift */; };
		EC6AAE492F162069007CB410 /* LLMProvider.swift in Sources */ = {isa = PBXBuildFile; fileRef = EC4E73082F1585A10050750B /* LLMProvider.swift */; };
		EC6AB0AD2F16A154007CB410 /* SnapKit in Frameworks */ = {isa = PBXBuildFile; productRef = EC6AB0AC2F16A154007CB410 /* SnapKit */; };
		ECAABB012F200000005C4C31 /* LLMProvidersViewControllerDelegate.swift in Sources */ = {isa = PBXBuildFile; fileRef = ECAABB002F200000005C4C31 /* LLMProvidersViewControllerDelegate.swift */; };
		ECAABB022F200000005C4C31 /* LLMProvidersViewControllerDelegate.swift in Sources */ = {isa = PBXBuildFile; fileRef = ECAABB002F200000005C4C31 /* LLMProvidersViewControllerDelegate.swift */; };
/* End PBXBuildFile section */

/* Begin PBXContainerItemProxy section */
		EC175BF52E41EF40005C4C31 /* PBXContainerItemProxy */ = {
			isa = PBXContainerItemProxy;
			containerPortal = EC175BDB2E41EF3F005C4C31 /* Project object */;
			proxyType = 1;
			remoteGlobalIDString = EC175BE22E41EF3F005C4C31;
			remoteInfo = "termihui-client";
		};
		EC175BFF2E41EF40005C4C31 /* PBXContainerItemProxy */ = {
			isa = PBXContainerItemProxy;
			containerPortal = EC175BDB2E41EF3F005C4C31 /* Project object */;
			proxyType = 1;
			remoteGlobalIDString = EC175BE22E41EF3F005C4C31;
			remoteInfo = "termihui-client";
		};
		ECA742F92F142C3500B74D3D /* PBXContainerItemProxy */ = {
			isa = PBXContainerItemProxy;
			containerPortal = EC175BDB2E41EF3F005C4C31 /* Project object */;
			proxyType = 1;
			remoteGlobalIDString = ECA742E22F142C3300B74D3D;
			remoteInfo = "termihui-client-ios";
		};
		ECA743032F142C3500B74D3D /* PBXContainerItemProxy */ = {
			isa = PBXContainerItemProxy;
			containerPortal = EC175BDB2E41EF3F005C4C31 /* Project object */;
			proxyType = 1;
			remoteGlobalIDString = ECA742E22F142C3300B74D3D;
			remoteInfo = "termihui-client-ios";
		};
/* End PBXContainerItemProxy section */

/* Begin PBXFileReference section */
		EC175BE32E41EF3F005C4C31 /* termihui-client-macos.app */ = {isa = PBXFileReference; explicitFileType = wrapper.application; includeInIndex = 0; path = "termihui-client-macos.app"; sourceTree = BUILT_PRODUCTS_DIR; };
		EC175BF42E41EF40005C4C31 /* termihui-client-macosTests.xctest */ = {isa = PBXFileReference; explicitFileType = wrapper.cfbundle; includeInIndex = 0; path = "termihui-client-macosTests.xctest"; sourceTree = BUILT_PRODUCTS_DIR; };
		EC175BFE2E41EF40005C4C31 /* termihui-client-macosUITests.xctest */ = {isa = PBXFileReference; explicitFileType = wrapper.cfbundle; includeInIndex = 0; path = "termihui-client-macosUITests.xctest"; sourceTree = BUILT_PRODUCTS_DIR; };
		EC2F43AF2F06D919005DE19E /* libsqlite3.tbd */ = {isa = PBXFileReference; lastKnownFileType = "sourcecode.text-based-dylib-definition"; name = libsqlite3.tbd; path = usr/lib/libsqlite3.tbd; sourceTree = SDKROOT; };
		EC4E73002F1585A10050750B /* AppSettings.swift */ = {isa = PBXFileReference; lastKnownFileType = sourcecode.swift; path = AppSettings.swift; sourceTree = "<group>"; };
		EC4E73012F1585A10050750B /* AppState.swift */ = {isa = PBXFileReference; lastKnownFileType = sourcecode.swift; path = AppState.swift; sourceTree = "<group>"; };
		EC4E73022F1585A10050750B /* ClientCoreWrapper.swift */ = {isa = PBXFileReference; lastKnownFileType = sourcecode.swift; path = ClientCoreWrapper.swift; sourceTree = "<group>"; };
		EC4E73032F1585A10050750B /* SessionInfo.swift */ = {isa = PBXFileReference; lastKnownFileType = sourcecode.swift; path = SessionInfo.swift; sourceTree = "<group>"; };
		EC4E73072F1585A10050750B /* ChatMessage.swift */ = {isa = PBXFileReference; lastKnownFileType = sourcecode.swift; path = ChatMessage.swift; sourceTree = "<group>"; };
		EC4E73082F1585A10050750B /* LLMProvider.swift */ = {isa = PBXFileReference; lastKnownFileType = sourcecode.swift; path = LLMProvider.swift; sourceTree = "<group>"; };
		ECA742E32F142C3300B74D3D /* termihui-client-ios.app */ = {isa = PBXFileReference; explicitFileType = wrapper.application; includeInIndex = 0; path = "termihui-client-ios.app"; sourceTree = BUILT_PRODUCTS_DIR; };
		ECA742F82F142C3500B74D3D /* termihui-client-iosTests.xctest */ = {isa = PBXFileReference; explicitFileType = wrapper.cfbundle; includeInIndex = 0; path = "termihui-client-iosTests.xctest"; sourceTree = BUILT_PRODUCTS_DIR; };
		ECA743022F142C3500B74D3D /* termihui-client-iosUITests.xctest */ = {isa = PBXFileReference; explicitFileType = wrapper.cfbundle; includeInIndex = 0; path = "termihui-client-iosUITests.xctest"; sourceTree = BUILT_PRODUCTS_DIR; };
		ECAABB002F200000005C4C31 /* LLMProvidersViewControllerDelegate.swift */ = {isa = PBXFileReference; lastKnownFileType = sourcecode.swift; path = LLMProvidersViewControllerDelegate.swift; sourceTree = "<group>"; };
/* End PBXFileReference section */

/* Begin PBXFileSystemSynchronizedBuildFileExceptionSet section */
		ECA7430A2F142C3500B74D3D /* Exceptions for "termihui-client-ios" folder in "termihui-client-ios" target */ = {
			isa = PBXFileSystemSynchronizedBuildFileExceptionSet;
			membershipExceptions = (
				Info.plist,
			);
			target = ECA742E22F142C3300B74D3D /* termihui-client-ios */;
		};
/* End PBXFileSystemSynchronizedBuildFileExceptionSet section */

/* Begin PBXFileSystemSynchronizedRootGroup section */
		EC175BE52E41EF3F005C4C31 /* termihui-client */ = {
			isa = PBXFileSystemSynchronizedRootGroup;
			path = "termihui-client";
			sourceTree = "<group>";
		};
		EC175BF72E41EF40005C4C31 /* termihui-clientTests */ = {
			isa = PBXFileSystemSynchronizedRootGroup;
			path = "termihui-clientTests";
			sourceTree = "<group>";
		};
		EC175C012E41EF40005C4C31 /* termihui-clientUITests */ = {
			isa = PBXFileSystemSynchronizedRootGroup;
			path = "termihui-clientUITests";
			sourceTree = "<group>";
		};
		ECA742E42F142C3300B74D3D /* termihui-client-ios */ = {
			isa = PBXFileSystemSynchronizedRootGroup;
			exceptions = (
				ECA7430A2F142C3500B74D3D /* Exceptions for "termihui-client-ios" folder in "termihui-client-ios" target */,
			);
			path = "termihui-client-ios";
			sourceTree = "<group>";
		};
		ECA742FB2F142C3500B74D3D /* termihui-client-iosTests */ = {
			isa = PBXFileSystemSynchronizedRootGroup;
			path = "termihui-client-iosTests";
			sourceTree = "<group>";
		};
		ECA743052F142C3500B74D3D /* termihui-client-iosUITests */ = {
			isa = PBXFileSystemSynchronizedRootGroup;
			path = "termihui-client-iosUITests";
			sourceTree = "<group>";
		};
/* End PBXFileSystemSynchronizedRootGroup section */

/* Begin PBXFrameworksBuildPhase section */
		EC175BE02E41EF3F005C4C31 /* Frameworks */ = {
			isa = PBXFrameworksBuildPhase;
			buildActionMask = 2147483647;
			files = (
				EC2F43B02F06D919005DE19E /* libsqlite3.tbd in Frameworks */,
				EC175C232E420393005C4C31 /* SnapKit in Frameworks */,
			);
			runOnlyForDeploymentPostprocessing = 0;
		};
		EC175BF12E41EF40005C4C31 /* Frameworks */ = {
			isa = PBXFrameworksBuildPhase;
			buildActionMask = 2147483647;
			files = (
			);
			runOnlyForDeploymentPostprocessing = 0;
		};
		EC175BFB2E41EF40005C4C31 /* Frameworks */ = {
			isa = PBXFrameworksBuildPhase;
			buildActionMask = 2147483647;
			files = (
			);
			runOnlyForDeploymentPostprocessing = 0;
		};
		ECA742E02F142C3300B74D3D /* Frameworks */ = {
			isa = PBXFrameworksBuildPhase;
			buildActionMask = 2147483647;
			files = (
				EC6AB0AD2F16A154007CB410 /* SnapKit in Frameworks */,
			);
			runOnlyForDeploymentPostprocessing = 0;
		};
		ECA742F52F142C3500B74D3D /* Frameworks */ = {
			isa = PBXFrameworksBuildPhase;
			buildActionMask = 2147483647;
			files = (
			);
			runOnlyForDeploymentPostprocessing = 0;
		};
		ECA742FF2F142C3500B74D3D /* Frameworks */ = {
			isa = PBXFrameworksBuildPhase;
			buildActionMask = 2147483647;
			files = (
			);
			runOnlyForDeploymentPostprocessing = 0;
		};
/* End PBXFrameworksBuildPhase section */

/* Begin PBXGroup section */
		EC175BDA2E41EF3F005C4C31 = {
			isa = PBXGroup;
			children = (
				EC4E73042F1585A10050750B /* Shared */,
				EC175BE52E41EF3F005C4C31 /* termihui-client */,
				EC175BF72E41EF40005C4C31 /* termihui-clientTests */,
				EC175C012E41EF40005C4C31 /* termihui-clientUITests */,
				ECA742E42F142C3300B74D3D /* termihui-client-ios */,
				ECA742FB2F142C3500B74D3D /* termihui-client-iosTests */,
				ECA743052F142C3500B74D3D /* termihui-client-iosUITests */,
				EC2F43AE2F06D919005DE19E /* Frameworks */,
				EC175BE42E41EF3F005C4C31 /* Products */,
			);
			sourceTree = "<group>";
		};
		EC175BE42E41EF3F005C4C31 /* Products */ = {
			isa = PBXGroup;
			children = (
				EC175BE32E41EF3F005C4C31 /* termihui-client-macos.app */,
				EC175BF42E41EF40005C4C31 /* termihui-client-macosTests.xctest */,
				EC175BFE2E41EF40005C4C31 /* termihui-client-macosUITests.xctest */,
				ECA742E32F142C3300B74D3D /* termihui-client-ios.app */,
				ECA742F82F142C3500B74D3D /* termihui-client-iosTests.xctest */,
				ECA743022F142C3500B74D3D /* termihui-client-iosUITests.xctest */,
			);
			name = Products;
			sourceTree = "<group>";
		};
		EC2F43AE2F06D919005DE19E /* Frameworks */ = {
			isa = PBXGroup;
			children = (
				EC2F43AF2F06D919005DE19E /* libsqlite3.tbd */,
			);
			name = Frameworks;
			sourceTree = "<group>";
		};
		EC4E73042F1585A10050750B /* Shared */ = {
			isa = PBXGroup;
			children = (
				EC4E73002F1585A10050750B /* AppSettings.swift */,
				EC4E73012F1585A10050750B /* AppState.swift */,
				EC4E73072F1585A10050750B /* ChatMessage.swift */,
				EC4E73022F1585A10050750B /* ClientCoreWrapper.swift */,
				EC4E73082F1585A10050750B /* LLMProvider.swift */,
				ECAABB002F200000005C4C31 /* LLMProvidersViewControllerDelegate.swift */,
				EC4E73032F1585A10050750B /* SessionInfo.swift */,
			);
			path = Shared;
			sourceTree = "<group>";
		};
/* End PBXGroup section */

/* Begin PBXNativeTarget section */
		EC175BE22E41EF3F005C4C31 /* termihui-client-macos */ = {
			isa = PBXNativeTarget;
			buildConfigurationList = EC175C082E41EF40005C4C31 /* Build configuration list for PBXNativeTarget "termihui-client-macos" */;
			buildPhases = (
				EC3566EF2E47551500312FBC /* ShellScript */,
				EC175BDF2E41EF3F005C4C31 /* Sources */,
				EC175BE02E41EF3F005C4C31 /* Frameworks */,
				EC175BE12E41EF3F005C4C31 /* Resources */,
			);
			buildRules = (
			);
			dependencies = (
			);
			fileSystemSynchronizedGroups = (
				EC175BE52E41EF3F005C4C31 /* termihui-client */,
			);
			name = "termihui-client-macos";
			packageProductDependencies = (
				EC175C222E420393005C4C31 /* SnapKit */,
			);
			productName = "termihui-client";
			productReference = EC175BE32E41EF3F005C4C31 /* termihui-client-macos.app */;
			productType = "com.apple.product-type.application";
		};
		EC175BF32E41EF40005C4C31 /* termihui-client-macosTests */ = {
			isa = PBXNativeTarget;
			buildConfigurationList = EC175C0B2E41EF40005C4C31 /* Build configuration list for PBXNativeTarget "termihui-client-macosTests" */;
			buildPhases = (
				EC175BF02E41EF40005C4C31 /* Sources */,
				EC175BF12E41EF40005C4C31 /* Frameworks */,
				EC175BF22E41EF40005C4C31 /* Resources */,
			);
			buildRules = (
			);
			dependencies = (
				EC175BF62E41EF40005C4C31 /* PBXTargetDependency */,
			);
			fileSystemSynchronizedGroups = (
				EC175BF72E41EF40005C4C31 /* termihui-clientTests */,
			);
			name = "termihui-client-macosTests";
			packageProductDependencies = (
			);
			productName = "termihui-clientTests";
			productReference = EC175BF42E41EF40005C4C31 /* termihui-client-macosTests.xctest */;
			productType = "com.apple.product-type.bundle.unit-test";
		};
		EC175BFD2E41EF40005C4C31 /* termihui-client-macosUITests */ = {
			isa = PBXNativeTarget;
			buildConfigurationList = EC175C0E2E41EF40005C4C31 /* Build configuration list for PBXNativeTarget "termihui-client-macosUITests" */;
			buildPhases = (
				EC175BFA2E41EF40005C4C31 /* Sources */,
				EC175BFB2E41EF40005C4C31 /* Frameworks */,
				EC175BFC2E41EF40005C4C31 /* Resources */,
			);
			buildRules = (
			);
			dependencies = (
				EC175C002E41EF40005C4C31 /* PBXTargetDependency */,
			);
			fileSystemSynchronizedGroups = (
				EC175C012E41EF40005C4C31 /* termihui-clientUITests */,
			);
			name = "termihui-client-macosUITests";
			packageProductDependencies = (
			);
			productName = "termihui-clientUITests";
			productReference = EC175BFE2E41EF40005C4C31 /* termihui-client-macosUITests.xctest */;
			productType = "com.apple.product-type.bundle.ui-testing";
		};
		ECA742E22F142C3300B74D3D /* termihui-client-ios */ = {
			isa = PBXNativeTarget;
			buildConfigurationList = ECA7430B2F142C3500B74D3D /* Build configuration list for PBXNativeTarget "termihui-client-ios" */;
			buildPhases = (
				EC4E72FF2F1581590050750B /* ShellScript */,
				ECA742DF2F142C3300B74D3D /* Sources */,
				ECA742E02F142C3300B74D3D /* Frameworks */,
				ECA742E12F142C3300B74D3D /* Resources */,
			);
			buildRules = (
			);
			dependencies = (
			);
			fileSystemSynchronizedGroups = (
				ECA742E42F142C3300B74D3D /* termihui-client-ios */,
			);
			name = "termihui-client-ios";
			packageProductDependencies = (
				EC6AB0AC2F16A154007CB410 /* SnapKit */,
			);
			productName = "termihui-client-ios";
			productReference = ECA742E32F142C3300B74D3D /* termihui-client-ios.app */;
			productType = "com.apple.product-type.application";
		};
		ECA742F72F142C3500B74D3D /* termihui-client-iosTests */ = {
			isa = PBXNativeTarget;
			buildConfigurationList = ECA7430E2F142C3500B74D3D /* Build configuration list for PBXNativeTarget "termihui-client-iosTests" */;
			buildPhases = (
				ECA742F42F142C3500B74D3D /* Sources */,
				ECA742F52F142C3500B74D3D /* Frameworks */,
				ECA742F62F142C3500B74D3D /* Resources */,
			);
			buildRules = (
			);
			dependencies = (
				ECA742FA2F142C3500B74D3D /* PBXTargetDependency */,
			);
			fileSystemSynchronizedGroups = (
				ECA742FB2F142C3500B74D3D /* termihui-client-iosTests */,
			);
			name = "termihui-client-iosTests";
			packageProductDependencies = (
			);
			productName = "termihui-client-iosTests";
			productReference = ECA742F82F142C3500B74D3D /* termihui-client-iosTests.xctest */;
			productType = "com.apple.product-type.bundle.unit-test";
		};
		ECA743012F142C3500B74D3D /* termihui-client-iosUITests */ = {
			isa = PBXNativeTarget;
			buildConfigurationList = ECA743112F142C3500B74D3D /* Build configuration list for PBXNativeTarget "termihui-client-iosUITests" */;
			buildPhases = (
				ECA742FE2F142C3500B74D3D /* Sources */,
				ECA742FF2F142C3500B74D3D /* Frameworks */,
				ECA743002F142C3500B74D3D /* Resources */,
			);
			buildRules = (
			);
			dependencies = (
				ECA743042F142C3500B74D3D /* PBXTargetDependency */,
			);
			fileSystemSynchronizedGroups = (
				ECA743052F142C3500B74D3D /* termihui-client-iosUITests */,
			);
			name = "termihui-client-iosUITests";
			packageProductDependencies = (
			);
			productName = "termihui-client-iosUITests";
			productReference = ECA743022F142C3500B74D3D /* termihui-client-iosUITests.xctest */;
			productType = "com.apple.product-type.bundle.ui-testing";
		};
/* End PBXNativeTarget section */

/* Begin PBXProject section */
		EC175BDB2E41EF3F005C4C31 /* Project object */ = {
			isa = PBXProject;
			attributes = {
				BuildIndependentTargetsInParallel = 1;
				LastSwiftUpdateCheck = 2600;
				LastUpgradeCheck = 1620;
				TargetAttributes = {
					EC175BE22E41EF3F005C4C31 = {
						CreatedOnToolsVersion = 16.2;
					};
					EC175BF32E41EF40005C4C31 = {
						CreatedOnToolsVersion = 16.2;
						TestTargetID = EC175BE22E41EF3F005C4C31;
					};
					EC175BFD2E41EF40005C4C31 = {
						CreatedOnToolsVersion = 16.2;
						TestTargetID = EC175BE22E41EF3F005C4C31;
					};
					ECA742E22F142C3300B74D3D = {
						CreatedOnToolsVersion = 26.0.1;
					};
					ECA742F72F142C3500B74D3D = {
						CreatedOnToolsVersion = 26.0.1;
						TestTargetID = ECA742E22F142C3300B74D3D;
					};
					ECA743012F142C3500B74D3D = {
						CreatedOnToolsVersion = 26.0.1;
						TestTargetID = ECA742E22F142C3300B74D3D;
					};
				};
			};
			buildConfigurationList = EC175BDE2E41EF3F005C4C31 /* Build configuration list for PBXProject "termihui-client" */;
			developmentRegion = en;
			hasScannedForEncodings = 0;
			knownRegions = (
				en,
				Base,
			);
			mainGroup = EC175BDA2E41EF3F005C4C31;
			minimizedProjectReferenceProxies = 1;
			packageReferences = (
				EC175C212E420393005C4C31 /* XCRemoteSwiftPackageReference "SnapKit" */,
			);
			preferredProjectObjectVersion = 77;
			productRefGroup = EC175BE42E41EF3F005C4C31 /* Products */;
			projectDirPath = "";
			projectRoot = "";
			targets = (
				EC175BE22E41EF3F005C4C31 /* termihui-client-macos */,
				EC175BF32E41EF40005C4C31 /* termihui-client-macosTests */,
				EC175BFD2E41EF40005C4C31 /* termihui-client-macosUITests */,
				ECA742E22F142C3300B74D3D /* termihui-client-ios */,
				ECA742F72F142C3500B74D3D /* termihui-client-iosTests */,
				ECA743012F142C3500B74D3D /* termihui-client-iosUITests */,
			);
		};
/* End PBXProject section */

/* Begin PBXResourcesBuildPhase section */
		EC175BE12E41EF3F005C4C31 /* Resources */ = {
			isa = PBXResourcesBuildPhase;
			buildActionMask = 2147483647;
			files = (
			);
			runOnlyForDeploymentPostprocessing = 0;
		};
		EC175BF22E41EF40005C4C31 /* Resources */ = {
			isa = PBXResourcesBuildPhase;
			buildActionMask = 2147483647;
			files = (
			);
			runOnlyForDeploymentPostprocessing = 0;
		};
		EC175BFC2E41EF40005C4C31 /* Resources */ = {
			isa = PBXResourcesBuildPhase;
			buildActionMask = 2147483647;
			files = (
			);
			runOnlyForDeploymentPostprocessing = 0;
		};
		ECA742E12F142C3300B74D3D /* Resources */ = {
			isa = PBXResourcesBuildPhase;
			buildActionMask = 2147483647;
			files = (
			);
			runOnlyForDeploymentPostprocessing = 0;
		};
		ECA742F62F142C3500B74D3D /* Resources */ = {
			isa = PBXResourcesBuildPhase;
			buildActionMask = 2147483647;
			files = (
			);
			runOnlyForDeploymentPostprocessing = 0;
		};
		ECA743002F142C3500B74D3D /* Resources */ = {
			isa = PBXResourcesBuildPhase;
			buildActionMask = 2147483647;
			files = (
			);
			runOnlyForDeploymentPostprocessing = 0;
		};
/* End PBXResourcesBuildPhase section */

/* Begin PBXShellScriptBuildPhase section */
		EC3566EF2E47551500312FBC /* ShellScript */ = {
			isa = PBXShellScriptBuildPhase;
			buildActionMask = 2147483647;
			files = (
			);
			inputFileListPaths = (
			);
			inputPaths = (
			);
			outputFileListPaths = (
			);
			outputPaths = (
			);
			runOnlyForDeploymentPostprocessing = 0;
			shellPath = /bin/bash;
			shellScript = "# Build C++ client core\nset -e\nexport PATH=\"/opt/homebrew/bin:/usr/local/bin:$PATH\"\n\nif ! command -v cmake &> /dev/null; then\n    echo \"Error: cmake not found. Install: brew install cmake\"\n    exit 1\nfi\n\ncd \"${SRCROOT}/../client-core\"\nmkdir -p build && cd build\ncmake .. -DCMAKE_BUILD_TYPE=Release\ncmake --build . -j4\n";
		};
		EC4E72FF2F1581590050750B /* ShellScript */ = {
			isa = PBXShellScriptBuildPhase;
			alwaysOutOfDate = 1;
			buildActionMask = 2147483647;
			files = (
			);
			inputFileListPaths = (
			);
			inputPaths = (
			);
			outputFileListPaths = (
			);
			outputPaths = (
			);
			runOnlyForDeploymentPostprocessing = 0;
			shellPath = /bin/sh;
			shellScript = "# Type a script or drag a script file from your workspace to insert its path.\nset -e\nexport PATH=\"/opt/homebrew/bin:/usr/local/bin:$PATH\"\n\ncd \"${SRCROOT}/../client-core\"\nrm -rf build-ios && mkdir -p build-ios && cd build-ios\n\ncmake .. \\\n    -DCMAKE_SYSTEM_NAME=iOS \\\n    -DCMAKE_OSX_ARCHITECTURES=arm64 \\\n    -DCMAKE_OSX_DEPLOYMENT_TARGET=15.0 \\\n    -DCMAKE_BUILD_TYPE=Release\n\ncmake --build . -j4\n";
		};
/* End PBXShellScriptBuildPhase section */

/* Begin PBXSourcesBuildPhase section */
		EC175BDF2E41EF3F005C4C31 /* Sources */ = {
			isa = PBXSourcesBuildPhase;
			buildActionMask = 2147483647;
			files = (
				EC4E73052F1585A10050750B /* AppSettings.swift in Sources */,
				EC6AAE462F162067007CB410 /* ClientCoreWrapper.swift in Sources */,
				EC6AAE472F162069007CB410 /* SessionInfo.swift in Sources */,
				EC4E73062F1585A10050750B /* AppState.swift in Sources */,
				EC6AAE482F162069007CB410 /* ChatMessage.swift in Sources */,
				EC6AAE492F162069007CB410 /* LLMProvider.swift in Sources */,
				ECAABB022F200000005C4C31 /* LLMProvidersViewControllerDelegate.swift in Sources */,
			);
			runOnlyForDeploymentPostprocessing = 0;
		};
		EC175BF02E41EF40005C4C31 /* Sources */ = {
			isa = PBXSourcesBuildPhase;
			buildActionMask = 2147483647;
			files = (
			);
			runOnlyForDeploymentPostprocessing = 0;
		};
		EC175BFA2E41EF40005C4C31 /* Sources */ = {
			isa = PBXSourcesBuildPhase;
			buildActionMask = 2147483647;
			files = (
			);
			runOnlyForDeploymentPostprocessing = 0;
		};
		ECA742DF2F142C3300B74D3D /* Sources */ = {
			isa = PBXSourcesBuildPhase;
			buildActionMask = 2147483647;
			files = (
				EC4E73092F1585A10050750B /* AppSettings.swift in Sources */,
				EC4E730A2F1585A10050750B /* AppState.swift in Sources */,
				EC4E730B2F1585A10050750B /* ClientCoreWrapper.swift in Sources */,
				EC4E730C2F1585A10050750B /* SessionInfo.swift in Sources */,
				EC4E730D2F1585A10050750B /* ChatMessage.swift in Sources */,
				EC4E730E2F1585A10050750B /* LLMProvider.swift in Sources */,
				ECAABB012F200000005C4C31 /* LLMProvidersViewControllerDelegate.swift in Sources */,
			);
			runOnlyForDeploymentPostprocessing = 0;
		};
		ECA742F42F142C3500B74D3D /* Sources */ = {
			isa = PBXSourcesBuildPhase;
			buildActionMask = 2147483647;
			files = (
			);
			runOnlyForDeploymentPostprocessing = 0;
		};
		ECA742FE2F142C3500B74D3D /* Sources */ = {
			isa = PBXSourcesBuildPhase;
			buildActionMask = 2147483647;
			files = (
			);
			runOnlyForDeploymentPostprocessing = 0;
		};
/* End PBXSourcesBuildPhase section */

/* Begin PBXTargetDependency section */
		EC175BF62E41EF40005C4C31 /* PBXTargetDependency */ = {
			isa = PBXTargetDependency;
			target = EC175BE22E41EF3F005C4C31 /* termihui-client-macos */;
			targetProxy = EC175BF52E41EF40005C4C31 /* PBXContainerItemProxy */;
		};
		EC175C002E41EF40005C4C31 /* PBXTargetDependency */ = {
			isa = PBXTargetDependency;
			target = EC175BE22E41EF3F005C4C31 /* termihui-client-macos */;
			targetProxy = EC175BFF2E41EF40005C4C31 /* PBXContainerItemProxy */;
		};
		ECA742FA2F142C3500B74D3D /* PBXTargetDependency */ = {
			isa = PBXTargetDependency;
			target = ECA742E22F142C3300B74D3D /* termihui-client-ios */;
			targetProxy = ECA742F92F142C3500B74D3D /* PBXContainerItemProxy */;
		};
		ECA743042F142C3500B74D3D /* PBXTargetDependency */ = {
			isa = PBXTargetDependency;
			target = ECA742E22F142C3300B74D3D /* termihui-client-ios */;
			targetProxy = ECA743032F142C3500B74D3D /* PBXContainerItemProxy */;
		};
/* End PBXTargetDependency section */

/* Begin XCBuildConfiguration section */
		EC175C062E41EF40005C4C31 /* Debug */ = {
			isa = XCBuildConfiguration;
			buildSettings = {
				ALWAYS_SEARCH_USER_PATHS = NO;
				ASSETCATALOG_COMPILER_GENERATE_SWIFT_ASSET_SYMBOL_EXTENSIONS = YES;
				CLANG_ANALYZER_NONNULL = YES;
				CLANG_ANALYZER_NUMBER_OBJECT_CONVERSION = YES_AGGRESSIVE;
				CLANG_CXX_LANGUAGE_STANDARD = "gnu++20";
				CLANG_ENABLE_MODULES = YES;
				CLANG_ENABLE_OBJC_ARC = YES;
				CLANG_ENABLE_OBJC_WEAK = YES;
				CLANG_WARN_BLOCK_CAPTURE_AUTORELEASING = YES;
				CLANG_WARN_BOOL_CONVERSION = YES;
				CLANG_WARN_COMMA = YES;
				CLANG_WARN_CONSTANT_CONVERSION = YES;
				CLANG_WARN_DEPRECATED_OBJC_IMPLEMENTATIONS = YES;
				CLANG_WARN_DIRECT_OBJC_ISA_USAGE = YES_ERROR;
				CLANG_WARN_DOCUMENTATION_COMMENTS = YES;
				CLANG_WARN_EMPTY_BODY = YES;
				CLANG_WARN_ENUM_CONVERSION = YES;
				CLANG_WARN_INFINITE_RECURSION = YES;
				CLANG_WARN_INT_CONVERSION = YES;
				CLANG_WARN_NON_LITERAL_NULL_CONVERSION = YES;
				CLANG_WARN_OBJC_IMPLICIT_RETAIN_SELF = YES;
				CLANG_WARN_OBJC_LITERAL_CONVERSION = YES;
				CLANG_WARN_OBJC_ROOT_CLASS = YES_ERROR;
				CLANG_WARN_QUOTED_INCLUDE_IN_FRAMEWORK_HEADER = YES;
				CLANG_WARN_RANGE_LOOP_ANALYSIS = YES;
				CLANG_WARN_STRICT_PROTOTYPES = YES;
				CLANG_WARN_SUSPICIOUS_MOVE = YES;
				CLANG_WARN_UNGUARDED_AVAILABILITY = YES_AGGRESSIVE;
				CLANG_WARN_UNREACHABLE_CODE = YES;
				CLANG_WARN__DUPLICATE_METHOD_MATCH = YES;
				COPY_PHASE_STRIP = NO;
				DEBUG_INFORMATION_FORMAT = dwarf;
				ENABLE_STRICT_OBJC_MSGSEND = YES;
				ENABLE_TESTABILITY = YES;
				ENABLE_USER_SCRIPT_SANDBOXING = YES;
				GCC_C_LANGUAGE_STANDARD = gnu17;
				GCC_DYNAMIC_NO_PIC = NO;
				GCC_NO_COMMON_BLOCKS = YES;
				GCC_OPTIMIZATION_LEVEL = 0;
				GCC_PREPROCESSOR_DEFINITIONS = (
					"DEBUG=1",
					"$(inherited)",
				);
				GCC_WARN_64_TO_32_BIT_CONVERSION = YES;
				GCC_WARN_ABOUT_RETURN_TYPE = YES_ERROR;
				GCC_WARN_UNDECLARED_SELECTOR = YES;
				GCC_WARN_UNINITIALIZED_AUTOS = YES_AGGRESSIVE;
				GCC_WARN_UNUSED_FUNCTION = YES;
				GCC_WARN_UNUSED_VARIABLE = YES;
				LOCALIZATION_PREFERS_STRING_CATALOGS = YES;
				MACOSX_DEPLOYMENT_TARGET = 15.2;
				MTL_ENABLE_DEBUG_INFO = INCLUDE_SOURCE;
				MTL_FAST_MATH = YES;
				ONLY_ACTIVE_ARCH = YES;
				SDKROOT = macosx;
				SWIFT_ACTIVE_COMPILATION_CONDITIONS = "DEBUG $(inherited)";
				SWIFT_OPTIMIZATION_LEVEL = "-Onone";
			};
			name = Debug;
		};
		EC175C072E41EF40005C4C31 /* Release */ = {
			isa = XCBuildConfiguration;
			buildSettings = {
				ALWAYS_SEARCH_USER_PATHS = NO;
				ASSETCATALOG_COMPILER_GENERATE_SWIFT_ASSET_SYMBOL_EXTENSIONS = YES;
				CLANG_ANALYZER_NONNULL = YES;
				CLANG_ANALYZER_NUMBER_OBJECT_CONVERSION = YES_AGGRESSIVE;
				CLANG_CXX_LANGUAGE_STANDARD = "gnu++20";
				CLANG_ENABLE_MODULES = YES;
				CLANG_ENABLE_OBJC_ARC = YES;
				CLANG_ENABLE_OBJC_WEAK = YES;
				CLANG_WARN_BLOCK_CAPTURE_AUTORELEASING = YES;
				CLANG_WARN_BOOL_CONVERSION = YES;
				CLANG_WARN_COMMA = YES;
				CLANG_WARN_CONSTANT_CONVERSION = YES;
				CLANG_WARN_DEPRECATED_OBJC_IMPLEMENTATIONS = YES;
				CLANG_WARN_DIRECT_OBJC_ISA_USAGE = YES_ERROR;
				CLANG_WARN_DOCUMENTATION_COMMENTS = YES;
				CLANG_WARN_EMPTY_BODY = YES;
				CLANG_WARN_ENUM_CONVERSION = YES;
				CLANG_WARN_INFINITE_RECURSION = YES;
				CLANG_WARN_INT_CONVERSION = YES;
				CLANG_WARN_NON_LITERAL_NULL_CONVERSION = YES;
				CLANG_WARN_OBJC_IMPLICIT_RETAIN_SELF = YES;
				CLANG_WARN_OBJC_LITERAL_CONVERSION = YES;
				CLANG_WARN_OBJC_ROOT_CLASS = YES_ERROR;
				CLANG_WARN_QUOTED_INCLUDE_IN_FRAMEWORK_HEADER = YES;
				CLANG_WARN_RANGE_LOOP_ANALYSIS = YES;
				CLANG_WARN_STRICT_PROTOTYPES = YES;
				CLANG_WARN_SUSPICIOUS_MOVE = YES;
				CLANG_WARN_UNGUARDED_AVAILABILITY = YES_AGGRESSIVE;
				CLANG_WARN_UNREACHABLE_CODE = YES;
				CLANG_WARN__DUPLICATE_METHOD_MATCH = YES;
				COPY_PHASE_STRIP = NO;
				DEBUG_INFORMATION_FORMAT = "dwarf-with-dsym";
				ENABLE_NS_ASSERTIONS = NO;
				ENABLE_STRICT_OBJC_MSGSEND = YES;
				ENABLE_USER_SCRIPT_SANDBOXING = YES;
				GCC_C_LANGUAGE_STANDARD = gnu17;
				GCC_NO_COMMON_BLOCKS = YES;
				GCC_WARN_64_TO_32_BIT_CONVERSION = YES;
				GCC_WARN_ABOUT_RETURN_TYPE = YES_ERROR;
				GCC_WARN_UNDECLARED_SELECTOR = YES;
				GCC_WARN_UNINITIALIZED_AUTOS = YES_AGGRESSIVE;
				GCC_WARN_UNUSED_FUNCTION = YES;
				GCC_WARN_UNUSED_VARIABLE = YES;
				LOCALIZATION_PREFERS_STRING_CATALOGS = YES;
				MACOSX_DEPLOYMENT_TARGET = 15.2;
				MTL_ENABLE_DEBUG_INFO = NO;
				MTL_FAST_MATH = YES;
				SDKROOT = macosx;
				SWIFT_COMPILATION_MODE = wholemodule;
			};
			name = Release;
		};
		EC175C092E41EF40005C4C31 /* Debug */ = {
			isa = XCBuildConfiguration;
			buildSettings = {
				ASSETCATALOG_COMPILER_APPICON_NAME = AppIcon;
				ASSETCATALOG_COMPILER_GLOBAL_ACCENT_COLOR_NAME = AccentColor;
				CLANG_CXX_LANGUAGE_STANDARD = "c++20";
				CODE_SIGN_ENTITLEMENTS = "termihui-client/termihui_client.entitlements";
				CODE_SIGN_STYLE = Automatic;
				COMBINE_HIDPI_IMAGES = YES;
				CURRENT_PROJECT_VERSION = 1;
				DEVELOPMENT_TEAM = QDTPG5DB79;
				ENABLE_APP_SANDBOX = NO;
				ENABLE_HARDENED_RUNTIME = YES;
				GENERATE_INFOPLIST_FILE = YES;
				HEADER_SEARCH_PATHS = "$(SRCROOT)/../client-core/include";
				INFOPLIST_KEY_NSHumanReadableCopyright = "";
				INFOPLIST_KEY_NSMainStoryboardFile = Main;
				INFOPLIST_KEY_NSPrincipalClass = NSApplication;
				LD_RUNPATH_SEARCH_PATHS = (
					"$(inherited)",
					"@executable_path/../Frameworks",
				);
				LIBRARY_SEARCH_PATHS = (
					"$(SRCROOT)/../client-core/build/lib",
					"$(SRCROOT)/../client-core/build/shared",
					"$(SRCROOT)/../.deps/fmt-build",
				);
				MACOSX_DEPLOYMENT_TARGET = 11.5;
				MARKETING_VERSION = 1.0;
				OTHER_LDFLAGS = (
					"-ltermihui_client_core",
					"-ltermihui_shared",
					"-lfmt",
					"-lhv_static",
					"-lsqlite3",
					"-lc++",
				);
				PRODUCT_BUNDLE_IDENTIFIER = "studio.eugenezakharov.termihui-client";
				PRODUCT_NAME = "$(TARGET_NAME)";
				SWIFT_EMIT_LOC_STRINGS = YES;
				SWIFT_OBJC_BRIDGING_HEADER = "$(SRCROOT)/TermiHUI-Bridging-Header.h";
				SWIFT_VERSION = 5.0;
			};
			name = Debug;
		};
		EC175C0A2E41EF40005C4C31 /* Release */ = {
			isa = XCBuildConfiguration;
			buildSettings = {
				ASSETCATALOG_COMPILER_APPICON_NAME = AppIcon;
				ASSETCATALOG_COMPILER_GLOBAL_ACCENT_COLOR_NAME = AccentColor;
				CLANG_CXX_LANGUAGE_STANDARD = "c++20";
				CODE_SIGN_ENTITLEMENTS = "termihui-client/termihui_client.entitlements";
				CODE_SIGN_STYLE = Automatic;
				COMBINE_HIDPI_IMAGES = YES;
				CURRENT_PROJECT_VERSION = 1;
				DEVELOPMENT_TEAM = QDTPG5DB79;
				ENABLE_APP_SANDBOX = NO;
				ENABLE_HARDENED_RUNTIME = YES;
				GENERATE_INFOPLIST_FILE = YES;
				HEADER_SEARCH_PATHS = "$(SRCROOT)/../client-core/include";
				INFOPLIST_KEY_NSHumanReadableCopyright = "";
				INFOPLIST_KEY_NSMainStoryboardFile = Main;
				INFOPLIST_KEY_NSPrincipalClass = NSApplication;
				LD_RUNPATH_SEARCH_PATHS = (
					"$(inherited)",
					"@executable_path/../Frameworks",
				);
				LIBRARY_SEARCH_PATHS = (
					"$(SRCROOT)/../client-core/build/lib",
					"$(SRCROOT)/../client-core/build/shared",
					"$(SRCROOT)/../.deps/fmt-build",
				);
				MACOSX_DEPLOYMENT_TARGET = 11.5;
				MARKETING_VERSION = 1.0;
				OTHER_LDFLAGS = (
					"-ltermihui_client_core",
					"-ltermihui_shared",
					"-lfmt",
					"-lhv_static",
					"-lsqlite3",
					"-lc++",
				);
				PRODUCT_BUNDLE_IDENTIFIER = "studio.eugenezakharov.termihui-client";
				PRODUCT_NAME = "$(TARGET_NAME)";
				SWIFT_EMIT_LOC_STRINGS = YES;
				SWIFT_OBJC_BRIDGING_HEADER = "$(SRCROOT)/TermiHUI-Bridging-Header.h";
				SWIFT_VERSION = 5.0;
			};
			name = Release;
		};
		EC175C0C2E41EF40005C4C31 /* Debug */ = {
			isa = XCBuildConfiguration;
			buildSettings = {
				BUNDLE_LOADER = "$(TEST_HOST)";
				CODE_SIGN_STYLE = Automatic;
				CURRENT_PROJECT_VERSION = 1;
				DEVELOPMENT_TEAM = QDTPG5DB79;
				GENERATE_INFOPLIST_FILE = YES;
				HEADER_SEARCH_PATHS = "$(SRCROOT)/../client-core/include";
				MACOSX_DEPLOYMENT_TARGET = 15.2;
				MARKETING_VERSION = 1.0;
				PRODUCT_BUNDLE_IDENTIFIER = "studio.eugenezakharov.termihui-clientTests";
				PRODUCT_NAME = "$(TARGET_NAME)";
				SWIFT_EMIT_LOC_STRINGS = NO;
				SWIFT_VERSION = 5.0;
				TEST_HOST = "$(BUILT_PRODUCTS_DIR)/termihui-client-macos.app/$(BUNDLE_EXECUTABLE_FOLDER_PATH)/termihui-client-macos";
			};
			name = Debug;
		};
		EC175C0D2E41EF40005C4C31 /* Release */ = {
			isa = XCBuildConfiguration;
			buildSettings = {
				BUNDLE_LOADER = "$(TEST_HOST)";
				CODE_SIGN_STYLE = Automatic;
				CURRENT_PROJECT_VERSION = 1;
				DEVELOPMENT_TEAM = QDTPG5DB79;
				GENERATE_INFOPLIST_FILE = YES;
				HEADER_SEARCH_PATHS = "$(SRCROOT)/../client-core/include";
				MACOSX_DEPLOYMENT_TARGET = 15.2;
				MARKETING_VERSION = 1.0;
				PRODUCT_BUNDLE_IDENTIFIER = "studio.eugenezakharov.termihui-clientTests";
				PRODUCT_NAME = "$(TARGET_NAME)";
				SWIFT_EMIT_LOC_STRINGS = NO;
				SWIFT_VERSION = 5.0;
				TEST_HOST = "$(BUILT_PRODUCTS_DIR)/termihui-client-macos.app/$(BUNDLE_EXECUTABLE_FOLDER_PATH)/termihui-client-macos";
			};
			name = Release;
		};
		EC175C0F2E41EF40005C4C31 /* Debug */ = {
			isa = XCBuildConfiguration;
			buildSettings = {
				CODE_SIGN_STYLE = Automatic;
				CURRENT_PROJECT_VERSION = 1;
				DEVELOPMENT_TEAM = QDTPG5DB79;
				GENERATE_INFOPLIST_FILE = YES;
				MARKETING_VERSION = 1.0;
				PRODUCT_BUNDLE_IDENTIFIER = "studio.eugenezakharov.termihui-clientUITests";
				PRODUCT_NAME = "$(TARGET_NAME)";
				SWIFT_EMIT_LOC_STRINGS = NO;
				SWIFT_VERSION = 5.0;
				TEST_TARGET_NAME = "termihui-client";
			};
			name = Debug;
		};
		EC175C102E41EF40005C4C31 /* Release */ = {
			isa = XCBuildConfiguration;
			buildSettings = {
				CODE_SIGN_STYLE = Automatic;
				CURRENT_PROJECT_VERSION = 1;
				DEVELOPMENT_TEAM = QDTPG5DB79;
				GENERATE_INFOPLIST_FILE = YES;
				MARKETING_VERSION = 1.0;
				PRODUCT_BUNDLE_IDENTIFIER = "studio.eugenezakharov.termihui-clientUITests";
				PRODUCT_NAME = "$(TARGET_NAME)";
				SWIFT_EMIT_LOC_STRINGS = NO;
				SWIFT_VERSION = 5.0;
				TEST_TARGET_NAME = "termihui-client";
			};
			name = Release;
		};
		ECA7430C2F142C3500B74D3D /* Debug */ = {
			isa = XCBuildConfiguration;
			buildSettings = {
				ASSETCATALOG_COMPILER_APPICON_NAME = AppIcon;
				ASSETCATALOG_COMPILER_GLOBAL_ACCENT_COLOR_NAME = AccentColor;
				CODE_SIGN_STYLE = Automatic;
				CURRENT_PROJECT_VERSION = 1;
				DEVELOPMENT_TEAM = QDTPG5DB79;
				GENERATE_INFOPLIST_FILE = YES;
				HEADER_SEARCH_PATHS = "$(SRCROOT)/../client-core/include";
				INFOPLIST_FILE = "termihui-client-ios/Info.plist";
				INFOPLIST_KEY_UIApplicationSupportsIndirectInputEvents = YES;
				INFOPLIST_KEY_UILaunchStoryboardName = LaunchScreen;
				INFOPLIST_KEY_UIMainStoryboardFile = Main;
				INFOPLIST_KEY_UISupportedInterfaceOrientations_iPad = "UIInterfaceOrientationPortrait UIInterfaceOrientationPortraitUpsideDown UIInterfaceOrientationLandscapeLeft UIInterfaceOrientationLandscapeRight";
				INFOPLIST_KEY_UISupportedInterfaceOrientations_iPhone = "UIInterfaceOrientationPortrait UIInterfaceOrientationLandscapeLeft UIInterfaceOrientationLandscapeRight";
				IPHONEOS_DEPLOYMENT_TARGET = 26.0;
				LD_RUNPATH_SEARCH_PATHS = (
					"$(inherited)",
					"@executable_path/Frameworks",
				);
				LIBRARY_SEARCH_PATHS = (
					"$(SRCROOT)/../client-core/build-ios/lib",
					"$(SRCROOT)/../client-core/build-ios/shared",
					"$(SRCROOT)/../.deps-ios/fmt-build",
				);
				MARKETING_VERSION = 1.0;
				OTHER_LDFLAGS = (
					"-ltermihui_client_core",
					"-ltermihui_shared",
					"-lfmt",
					"-lhv_static",
					"-lsqlite3",
					"-lc++",
				);
				PRODUCT_BUNDLE_IDENTIFIER = "studio.eugenezakharov.termihui-client-ios";
				PRODUCT_NAME = "$(TARGET_NAME)";
				SDKROOT = iphoneos;
				STRING_CATALOG_GENERATE_SYMBOLS = YES;
				SWIFT_APPROACHABLE_CONCURRENCY = YES;
				SWIFT_DEFAULT_ACTOR_ISOLATION = MainActor;
				SWIFT_EMIT_LOC_STRINGS = YES;
				SWIFT_OBJC_BRIDGING_HEADER = "$(SRCROOT)/TermiHUI-Bridging-Header.h";
				SWIFT_UPCOMING_FEATURE_MEMBER_IMPORT_VISIBILITY = YES;
				SWIFT_VERSION = 5.0;
				TARGETED_DEVICE_FAMILY = "1,2";
			};
			name = Debug;
		};
		ECA7430D2F142C3500B74D3D /* Release */ = {
			isa = XCBuildConfiguration;
			buildSettings = {
				ASSETCATALOG_COMPILER_APPICON_NAME = AppIcon;
				ASSETCATALOG_COMPILER_GLOBAL_ACCENT_COLOR_NAME = AccentColor;
				CODE_SIGN_STYLE = Automatic;
				CURRENT_PROJECT_VERSION = 1;
				DEVELOPMENT_TEAM = QDTPG5DB79;
				GENERATE_INFOPLIST_FILE = YES;
				HEADER_SEARCH_PATHS = "$(SRCROOT)/../client-core/include";
				INFOPLIST_FILE = "termihui-client-ios/Info.plist";
				INFOPLIST_KEY_UIApplicationSupportsIndirectInputEvents = YES;
				INFOPLIST_KEY_UILaunchStoryboardName = LaunchScreen;
				INFOPLIST_KEY_UIMainStoryboardFile = Main;
				INFOPLIST_KEY_UISupportedInterfaceOrientations_iPad = "UIInterfaceOrientationPortrait UIInterfaceOrientationPortraitUpsideDown UIInterfaceOrientationLandscapeLeft UIInterfaceOrientationLandscapeRight";
				INFOPLIST_KEY_UISupportedInterfaceOrientations_iPhone = "UIInterfaceOrientationPortrait UIInterfaceOrientationLandscapeLeft UIInterfaceOrientationLandscapeRight";
				IPHONEOS_DEPLOYMENT_TARGET = 26.0;
				LD_RUNPATH_SEARCH_PATHS = (
					"$(inherited)",
					"@executable_path/Frameworks",
				);
				LIBRARY_SEARCH_PATHS = (
					"$(SRCROOT)/../client-core/build-ios/lib",
					"$(SRCROOT)/../client-core/build-ios/shared",
					"$(SRCROOT)/../.deps-ios/fmt-build",
				);
				MARKETING_VERSION = 1.0;
				OTHER_LDFLAGS = (
					"-ltermihui_client_core",
					"-ltermihui_shared",
					"-lfmt",
					"-lhv_static",
					"-lsqlite3",
					"-lc++",
				);
				PRODUCT_BUNDLE_IDENTIFIER = "studio.eugenezakharov.termihui-client-ios";
				PRODUCT_NAME = "$(TARGET_NAME)";
				SDKROOT = iphoneos;
				STRING_CATALOG_GENERATE_SYMBOLS = YES;
				SWIFT_APPROACHABLE_CONCURRENCY = YES;
				SWIFT_DEFAULT_ACTOR_ISOLATION = MainActor;
				SWIFT_EMIT_LOC_STRINGS = YES;
				SWIFT_OBJC_BRIDGING_HEADER = "$(SRCROOT)/TermiHUI-Bridging-Header.h";
				SWIFT_UPCOMING_FEATURE_MEMBER_IMPORT_VISIBILITY = YES;
				SWIFT_VERSION = 5.0;
				TARGETED_DEVICE_FAMILY = "1,2";
				VALIDATE_PRODUCT = YES;
			};
			name = Release;
		};
		ECA7430F2F142C3500B74D3D /* Debug */ = {
			isa = XCBuildConfiguration;
			buildSettings = {
				BUNDLE_LOADER = "$(TEST_HOST)";
				CODE_SIGN_STYLE = Automatic;
				CURRENT_PROJECT_VERSION = 1;
				DEVELOPMENT_TEAM = QDTPG5DB79;
				GENERATE_INFOPLIST_FILE = YES;
				IPHONEOS_DEPLOYMENT_TARGET = 26.0;
				MARKETING_VERSION = 1.0;
				PRODUCT_BUNDLE_IDENTIFIER = "studio.eugenezakharov.termihui-client-iosTests";
				PRODUCT_NAME = "$(TARGET_NAME)";
				SDKROOT = iphoneos;
				STRING_CATALOG_GENERATE_SYMBOLS = NO;
				SWIFT_APPROACHABLE_CONCURRENCY = YES;
				SWIFT_EMIT_LOC_STRINGS = NO;
				SWIFT_UPCOMING_FEATURE_MEMBER_IMPORT_VISIBILITY = YES;
				SWIFT_VERSION = 5.0;
				TARGETED_DEVICE_FAMILY = "1,2";
				TEST_HOST = "$(BUILT_PRODUCTS_DIR)/termihui-client-ios.app/$(BUNDLE_EXECUTABLE_FOLDER_PATH)/termihui-client-ios";
			};
			name = Debug;
		};
		ECA743102F142C3500B74D3D /* Release */ = {
			isa = XCBuildConfiguration;
			buildSettings = {
				BUNDLE_LOADER = "$(TEST_HOST)";
				CODE_SIGN_STYLE = Automatic;
				CURRENT_PROJECT_VERSION = 1;
				DEVELOPMENT_TEAM = QDTPG5DB79;
				GENERATE_INFOPLIST_FILE = YES;
				IPHONEOS_DEPLOYMENT_TARGET = 26.0;
				MARKETING_VERSION = 1.0;
				PRODUCT_BUNDLE_IDENTIFIER = "studio.eugenezakharov.termihui-client-iosTests";
				PRODUCT_NAME = "$(TARGET_NAME)";
				SDKROOT = iphoneos;
				STRING_CATALOG_GENERATE_SYMBOLS = NO;
				SWIFT_APPROACHABLE_CONCURRENCY = YES;
				SWIFT_EMIT_LOC_STRINGS = NO;
				SWIFT_UPCOMING_FEATURE_MEMBER_IMPORT_VISIBILITY = YES;
				SWIFT_VERSION = 5.0;
				TARGETED_DEVICE_FAMILY = "1,2";
				TEST_HOST = "$(BUILT_PRODUCTS_DIR)/termihui-client-ios.app/$(BUNDLE_EXECUTABLE_FOLDER_PATH)/termihui-client-ios";
				VALIDATE_PRODUCT = YES;
			};
			name = Release;
		};
		ECA743122F142C3500B74D3D /* Debug */ = {
			isa = XCBuildConfiguration;
			buildSettings = {
				CODE_SIGN_STYLE = Automatic;
				CURRENT_PROJECT_VERSION = 1;
				DEVELOPMENT_TEAM = QDTPG5DB79;
				GENERATE_INFOPLIST_FILE = YES;
				IPHONEOS_DEPLOYMENT_TARGET = 26.0;
				MARKETING_VERSION = 1.0;
				PRODUCT_BUNDLE_IDENTIFIER = "studio.eugenezakharov.termihui-client-iosUITests";
				PRODUCT_NAME = "$(TARGET_NAME)";
				SDKROOT = iphoneos;
				STRING_CATALOG_GENERATE_SYMBOLS = NO;
				SWIFT_APPROACHABLE_CONCURRENCY = YES;
				SWIFT_EMIT_LOC_STRINGS = NO;
				SWIFT_UPCOMING_FEATURE_MEMBER_IMPORT_VISIBILITY = YES;
				SWIFT_VERSION = 5.0;
				TARGETED_DEVICE_FAMILY = "1,2";
				TEST_TARGET_NAME = "termihui-client-ios";
			};
			name = Debug;
		};
		ECA743132F142C3500B74D3D /* Release */ = {
			isa = XCBuildConfiguration;
			buildSettings = {
				CODE_SIGN_STYLE = Automatic;
				CURRENT_PROJECT_VERSION = 1;
				DEVELOPMENT_TEAM = QDTPG5DB79;
				GENERATE_INFOPLIST_FILE = YES;
				IPHONEOS_DEPLOYMENT_TARGET = 26.0;
				MARKETING_VERSION = 1.0;
				PRODUCT_BUNDLE_IDENTIFIER = "studio.eugenezakharov.termihui-client-iosUITests";
				PRODUCT_NAME = "$(TARGET_NAME)";
				SDKROOT = iphoneos;
				STRING_CATALOG_GENERATE_SYMBOLS = NO;
				SWIFT_APPROACHABLE_CONCURRENCY = YES;
				SWIFT_EMIT_LOC_STRINGS = NO;
				SWIFT_UPCOMING_FEATURE_MEMBER_IMPORT_VISIBILITY = YES;
				SWIFT_VERSION = 5.0;
				TARGETED_DEVICE_FAMILY = "1,2";
				TEST_TARGET_NAME = "termihui-client-ios";
				VALIDATE_PRODUCT = YES;
			};
			name = Release;
		};
/* End XCBuildConfiguration section */

/* Begin XCConfigurationList section */
		EC175BDE2E41EF3F005C4C31 /* Build configuration list for PBXProject "termihui-client" */ = {
			isa = XCConfigurationList;
			buildConfigurations = (
				EC175C062E41EF40005C4C31 /* Debug */,
				EC175C072E41EF40005C4C31 /* Release */,
			);
			defaultConfigurationIsVisible = 0;
			defaultConfigurationName = Release;
		};
		EC175C082E41EF40005C4C31 /* Build configuration list for PBXNativeTarget "termihui-client-macos" */ = {
			isa = XCConfigurationList;
			buildConfigurations = (
				EC175C092E41EF40005C4C31 /* Debug */,
				EC175C0A2E41EF40005C4C31 /* Release */,
			);
			defaultConfigurationIsVisible = 0;
			defaultConfigurationName = Release;
		};
		EC175C0B2E41EF40005C4C31 /* Build configuration list for PBXNativeTarget "termihui-client-macosTests" */ = {
			isa = XCConfigurationList;
			buildConfigurations = (
				EC175C0C2E41EF40005C4C31 /* Debug */,
				EC175C0D2E41EF40005C4C31 /* Release */,
			);
			defaultConfigurationIsVisible = 0;
			defaultConfigurationName = Release;
		};
		EC175C0E2E41EF40005C4C31 /* Build configuration list for PBXNativeTarget "termihui-client-macosUITests" */ = {
			isa = XCConfigurationList;
			buildConfigurations = (
				EC175C0F2E41EF40005C4C31 /* Debug */,
				EC175C102E41EF40005C4C31 /* Release */,
			);
			defaultConfigurationIsVisible = 0;
			defaultConfigurationName = Release;
		};
		ECA7430B2F142C3500B74D3D /* Build configuration list for PBXNativeTarget "termihui-client-ios" */ = {
			isa = XCConfigurationList;
			buildConfigurations = (
				ECA7430C2F142C3500B74D3D /* Debug */,
				ECA7430D2F142C3500B74D3D /* Release */,
			);
			defaultConfigurationIsVisible = 0;
			defaultConfigurationName = Release;
		};
		ECA7430E2F142C3500B74D3D /* Build configuration list for PBXNativeTarget "termihui-client-iosTests" */ = {
			isa = XCConfigurationList;
			buildConfigurations = (
				ECA7430F2F142C3500B74D3D /* Debug */,
				ECA743102F142C3500B74D3D /* Release */,
			);
			defaultConfigurationIsVisible = 0;
			defaultConfigurationName = Release;
		};
		ECA743112F142C3500B74D3D /* Build configuration list for PBXNativeTarget "termihui-client-iosUITests" */ = {
			isa = XCConfigurationList;
			buildConfigurations = (
				ECA743122F142C3500B74D3D /* Debug */,
				ECA743132F142C3500B74D3D /* Release */,
			);
			defaultConfigurationIsVisible = 0;
			defaultConfigurationName = Release;
		};
/* End XCConfigurationList section */

/* Begin XCRemoteSwiftPackageReference section */
		EC175C212E420393005C4C31 /* XCRemoteSwiftPackageReference "SnapKit" */ = {
			isa = XCRemoteSwiftPackageReference;
			repositoryURL = "https://github.com/SnapKit/SnapKit.git";
			requirement = {
				kind = upToNextMajorVersion;
				minimumVersion = 5.7.1;
			};
		};
/* End XCRemoteSwiftPackageReference section */

/* Begin XCSwiftPackageProductDependency section */
		EC175C222E420393005C4C31 /* SnapKit */ = {
			isa = XCSwiftPackageProductDependency;
			package = EC175C212E420393005C4C31 /* XCRemoteSwiftPackageReference "SnapKit" */;
			productName = SnapKit;
		};
		EC6AB0AC2F16A154007CB410 /* SnapKit */ = {
			isa = XCSwiftPackageProductDependency;
			package = EC175C212E420393005C4C31 /* XCRemoteSwiftPackageReference "SnapKit" */;
			productName = SnapKit;
		};
/* End XCSwiftPackageProductDependency section */
	};
	rootObject = EC175BDB2E41EF3F005C4C31 /* Project object */;
}
